// !$*UTF8*$!
{
	archiveVersion = 1;
	classes = {
	};
	objectVersion = 56;
	objects = {

/* Begin PBXBuildFile section */
		5F31DDD02BFF11B70036E21E /* AppDelegate.swift in Sources */ = {isa = PBXBuildFile; fileRef = 5F31DDCF2BFF11B70036E21E /* AppDelegate.swift */; };
		5F31DDD22BFF11B70036E21E /* SceneDelegate.swift in Sources */ = {isa = PBXBuildFile; fileRef = 5F31DDD12BFF11B70036E21E /* SceneDelegate.swift */; };
		5F31DDD42BFF11B70036E21E /* ViewController.swift in Sources */ = {isa = PBXBuildFile; fileRef = 5F31DDD32BFF11B70036E21E /* ViewController.swift */; };
		5F31DDD72BFF11B70036E21E /* Main.storyboard in Resources */ = {isa = PBXBuildFile; fileRef = 5F31DDD52BFF11B70036E21E /* Main.storyboard */; };
		5F31DDD92BFF11B80036E21E /* Assets.xcassets in Resources */ = {isa = PBXBuildFile; fileRef = 5F31DDD82BFF11B80036E21E /* Assets.xcassets */; };
		5F31DDDC2BFF11B80036E21E /* LaunchScreen.storyboard in Resources */ = {isa = PBXBuildFile; fileRef = 5F31DDDA2BFF11B80036E21E /* LaunchScreen.storyboard */; };
		5F31DE0E2BFF330D0036E21E /* PlayerView.swift in Sources */ = {isa = PBXBuildFile; fileRef = 5F31DE0D2BFF330D0036E21E /* PlayerView.swift */; };
		5F31DE102BFF37A40036E21E /* Charlie Puth-Look At Me Now.mp3 in Resources */ = {isa = PBXBuildFile; fileRef = 5F31DE0F2BFF37A40036E21E /* Charlie Puth-Look At Me Now.mp3 */; };
		5F31DE122BFF44B50036E21E /* WPColorAlphaView.swift in Sources */ = {isa = PBXBuildFile; fileRef = 5F31DE112BFF44B50036E21E /* WPColorAlphaView.swift */; };
		5F31DE162BFF4E4E0036E21E /* 5月23日.srt in Resources */ = {isa = PBXBuildFile; fileRef = 5F31DE152BFF4E4E0036E21E /* 5月23日.srt */; };
		5F31DE1B2C0035120036E21E /* SubtitleLabel.swift in Sources */ = {isa = PBXBuildFile; fileRef = 5F31DE1A2C0035120036E21E /* SubtitleLabel.swift */; };
		BA98F4B183538CD019794BED /* Pods_player.framework in Frameworks */ = {isa = PBXBuildFile; fileRef = 027908B15F2EA9A0DB627815 /* Pods_player.framework */; };
/* End PBXBuildFile section */

/* Begin PBXFileReference section */
		027908B15F2EA9A0DB627815 /* Pods_player.framework */ = {isa = PBXFileReference; explicitFileType = wrapper.framework; includeInIndex = 0; path = Pods_player.framework; sourceTree = BUILT_PRODUCTS_DIR; };
		34FCFF9C48407892BD6B5298 /* Pods-player.debug.xcconfig */ = {isa = PBXFileReference; includeInIndex = 1; lastKnownFileType = text.xcconfig; name = "Pods-player.debug.xcconfig"; path = "Target Support Files/Pods-player/Pods-player.debug.xcconfig"; sourceTree = "<group>"; };
		5F31DDCC2BFF11B70036E21E /* player.app */ = {isa = PBXFileReference; explicitFileType = wrapper.application; includeInIndex = 0; path = player.app; sourceTree = BUILT_PRODUCTS_DIR; };
		5F31DDCF2BFF11B70036E21E /* AppDelegate.swift */ = {isa = PBXFileReference; lastKnownFileType = sourcecode.swift; path = AppDelegate.swift; sourceTree = "<group>"; };
		5F31DDD12BFF11B70036E21E /* SceneDelegate.swift */ = {isa = PBXFileReference; lastKnownFileType = sourcecode.swift; path = SceneDelegate.swift; sourceTree = "<group>"; };
		5F31DDD32BFF11B70036E21E /* ViewController.swift */ = {isa = PBXFileReference; lastKnownFileType = sourcecode.swift; path = ViewController.swift; sourceTree = "<group>"; };
		5F31DDD62BFF11B70036E21E /* Base */ = {isa = PBXFileReference; lastKnownFileType = file.storyboard; name = Base; path = Base.lproj/Main.storyboard; sourceTree = "<group>"; };
		5F31DDD82BFF11B80036E21E /* Assets.xcassets */ = {isa = PBXFileReference; lastKnownFileType = folder.assetcatalog; path = Assets.xcassets; sourceTree = "<group>"; };
		5F31DDDB2BFF11B80036E21E /* Base */ = {isa = PBXFileReference; lastKnownFileType = file.storyboard; name = Base; path = Base.lproj/LaunchScreen.storyboard; sourceTree = "<group>"; };
		5F31DDDD2BFF11B80036E21E /* Info.plist */ = {isa = PBXFileReference; lastKnownFileType = text.plist.xml; path = Info.plist; sourceTree = "<group>"; };
		5F31DE0D2BFF330D0036E21E /* PlayerView.swift */ = {isa = PBXFileReference; lastKnownFileType = sourcecode.swift; path = PlayerView.swift; sourceTree = "<group>"; };
		5F31DE0F2BFF37A40036E21E /* Charlie Puth-Look At Me Now.mp3 */ = {isa = PBXFileReference; lastKnownFileType = audio.mp3; path = "Charlie Puth-Look At Me Now.mp3"; sourceTree = "<group>"; };
		5F31DE112BFF44B50036E21E /* WPColorAlphaView.swift */ = {isa = PBXFileReference; fileEncoding = 4; lastKnownFileType = sourcecode.swift; path = WPColorAlphaView.swift; sourceTree = "<group>"; };
		5F31DE152BFF4E4E0036E21E /* 5月23日.srt */ = {isa = PBXFileReference; fileEncoding = 4; lastKnownFileType = text; path = "5月23日.srt"; sourceTree = "<group>"; };
		5F31DE1A2C0035120036E21E /* SubtitleLabel.swift */ = {isa = PBXFileReference; lastKnownFileType = sourcecode.swift; path = SubtitleLabel.swift; sourceTree = "<group>"; };
		9BBACE2FA79587CCE88EDAAA /* Pods-player.release.xcconfig */ = {isa = PBXFileReference; includeInIndex = 1; lastKnownFileType = text.xcconfig; name = "Pods-player.release.xcconfig"; path = "Target Support Files/Pods-player/Pods-player.release.xcconfig"; sourceTree = "<group>"; };
/* End PBXFileReference section */

/* Begin PBXFrameworksBuildPhase section */
		5F31DDC92BFF11B70036E21E /* Frameworks */ = {
			isa = PBXFrameworksBuildPhase;
			buildActionMask = 2147483647;
			files = (
				BA98F4B183538CD019794BED /* Pods_player.framework in Frameworks */,
			);
			runOnlyForDeploymentPostprocessing = 0;
		};
/* End PBXFrameworksBuildPhase section */

/* Begin PBXGroup section */
		39CBB71C6A9842BB1F87410B /* Pods */ = {
			isa = PBXGroup;
			children = (
				34FCFF9C48407892BD6B5298 /* Pods-player.debug.xcconfig */,
				9BBACE2FA79587CCE88EDAAA /* Pods-player.release.xcconfig */,
			);
			path = Pods;
			sourceTree = "<group>";
		};
		5F31DDC32BFF11B70036E21E = {
			isa = PBXGroup;
			children = (
				5F31DE0C2BFF32F80036E21E /* playerView */,
				5F31DE092BFF32C80036E21E /* MP3 */,
				5F31DDCE2BFF11B70036E21E /* player */,
				5F31DDCD2BFF11B70036E21E /* Products */,
				39CBB71C6A9842BB1F87410B /* Pods */,
				F9DA22D750B06A361621B578 /* Frameworks */,
			);
			sourceTree = "<group>";
		};
		5F31DDCD2BFF11B70036E21E /* Products */ = {
			isa = PBXGroup;
			children = (
				5F31DDCC2BFF11B70036E21E /* player.app */,
			);
			name = Products;
			sourceTree = "<group>";
		};
		5F31DDCE2BFF11B70036E21E /* player */ = {
			isa = PBXGroup;
			children = (
				5F31DDCF2BFF11B70036E21E /* AppDelegate.swift */,
				5F31DDD12BFF11B70036E21E /* SceneDelegate.swift */,
				5F31DDD32BFF11B70036E21E /* ViewController.swift */,
				5F31DDD52BFF11B70036E21E /* Main.storyboard */,
				5F31DDD82BFF11B80036E21E /* Assets.xcassets */,
				5F31DDDA2BFF11B80036E21E /* LaunchScreen.storyboard */,
				5F31DDDD2BFF11B80036E21E /* Info.plist */,
			);
			path = player;
			sourceTree = "<group>";
		};
		5F31DE092BFF32C80036E21E /* MP3 */ = {
			isa = PBXGroup;
			children = (
				5F31DE152BFF4E4E0036E21E /* 5月23日.srt */,
				5F31DE0F2BFF37A40036E21E /* Charlie Puth-Look At Me Now.mp3 */,
			);
			path = MP3;
			sourceTree = "<group>";
		};
		5F31DE0C2BFF32F80036E21E /* playerView */ = {
			isa = PBXGroup;
			children = (
				5F31DE0D2BFF330D0036E21E /* PlayerView.swift */,
				5F31DE112BFF44B50036E21E /* WPColorAlphaView.swift */,
				5F31DE1A2C0035120036E21E /* SubtitleLabel.swift */,
			);
			path = playerView;
			sourceTree = "<group>";
		};
		F9DA22D750B06A361621B578 /* Frameworks */ = {
			isa = PBXGroup;
			children = (
				027908B15F2EA9A0DB627815 /* Pods_player.framework */,
			);
			name = Frameworks;
			sourceTree = "<group>";
		};
/* End PBXGroup section */

/* Begin PBXNativeTarget section */
		5F31DDCB2BFF11B70036E21E /* player */ = {
			isa = PBXNativeTarget;
			buildConfigurationList = 5F31DDE02BFF11B80036E21E /* Build configuration list for PBXNativeTarget "player" */;
			buildPhases = (
				4CDF330C7F29FACF3F8E89F1 /* [CP] Check Pods Manifest.lock */,
				5F31DDC82BFF11B70036E21E /* Sources */,
				5F31DDC92BFF11B70036E21E /* Frameworks */,
				5F31DDCA2BFF11B70036E21E /* Resources */,
				FE5A375FEEBEC426FCB14AC1 /* [CP] Embed Pods Frameworks */,
			);
			buildRules = (
			);
			dependencies = (
			);
			name = player;
			productName = player;
			productReference = 5F31DDCC2BFF11B70036E21E /* player.app */;
			productType = "com.apple.product-type.application";
		};
/* End PBXNativeTarget section */

/* Begin PBXProject section */
		5F31DDC42BFF11B70036E21E /* Project object */ = {
			isa = PBXProject;
			attributes = {
				BuildIndependentTargetsInParallel = 1;
				LastSwiftUpdateCheck = 1520;
				LastUpgradeCheck = 1520;
				TargetAttributes = {
					5F31DDCB2BFF11B70036E21E = {
						CreatedOnToolsVersion = 15.2;
					};
				};
			};
			buildConfigurationList = 5F31DDC72BFF11B70036E21E /* Build configuration list for PBXProject "player" */;
			compatibilityVersion = "Xcode 14.0";
			developmentRegion = en;
			hasScannedForEncodings = 0;
			knownRegions = (
				en,
				Base,
			);
			mainGroup = 5F31DDC32BFF11B70036E21E;
			productRefGroup = 5F31DDCD2BFF11B70036E21E /* Products */;
			projectDirPath = "";
			projectRoot = "";
			targets = (
				5F31DDCB2BFF11B70036E21E /* player */,
			);
		};
/* End PBXProject section */

/* Begin PBXResourcesBuildPhase section */
		5F31DDCA2BFF11B70036E21E /* Resources */ = {
			isa = PBXResourcesBuildPhase;
			buildActionMask = 2147483647;
			files = (
				5F31DDDC2BFF11B80036E21E /* LaunchScreen.storyboard in Resources */,
				5F31DE162BFF4E4E0036E21E /* 5月23日.srt in Resources */,
				5F31DDD92BFF11B80036E21E /* Assets.xcassets in Resources */,
				5F31DDD72BFF11B70036E21E /* Main.storyboard in Resources */,
				5F31DE102BFF37A40036E21E /* Charlie Puth-Look At Me Now.mp3 in Resources */,
			);
			runOnlyForDeploymentPostprocessing = 0;
		};
/* End PBXResourcesBuildPhase section */

/* Begin PBXShellScriptBuildPhase section */
		4CDF330C7F29FACF3F8E89F1 /* [CP] Check Pods Manifest.lock */ = {
			isa = PBXShellScriptBuildPhase;
			buildActionMask = 2147483647;
			files = (
			);
			inputFileListPaths = (
			);
			inputPaths = (
				"${PODS_PODFILE_DIR_PATH}/Podfile.lock",
				"${PODS_ROOT}/Manifest.lock",
			);
			name = "[CP] Check Pods Manifest.lock";
			outputFileListPaths = (
			);
			outputPaths = (
				"$(DERIVED_FILE_DIR)/Pods-player-checkManifestLockResult.txt",
			);
			runOnlyForDeploymentPostprocessing = 0;
			shellPath = /bin/sh;
			shellScript = "diff \"${PODS_PODFILE_DIR_PATH}/Podfile.lock\" \"${PODS_ROOT}/Manifest.lock\" > /dev/null\nif [ $? != 0 ] ; then\n    # print error to STDERR\n    echo \"error: The sandbox is not in sync with the Podfile.lock. Run 'pod install' or update your CocoaPods installation.\" >&2\n    exit 1\nfi\n# This output is used by Xcode 'outputs' to avoid re-running this script phase.\necho \"SUCCESS\" > \"${SCRIPT_OUTPUT_FILE_0}\"\n";
			showEnvVarsInLog = 0;
		};
		FE5A375FEEBEC426FCB14AC1 /* [CP] Embed Pods Frameworks */ = {
			isa = PBXShellScriptBuildPhase;
			buildActionMask = 2147483647;
			files = (
			);
			inputFileListPaths = (
				"${PODS_ROOT}/Target Support Files/Pods-player/Pods-player-frameworks-${CONFIGURATION}-input-files.xcfilelist",
			);
			name = "[CP] Embed Pods Frameworks";
			outputFileListPaths = (
				"${PODS_ROOT}/Target Support Files/Pods-player/Pods-player-frameworks-${CONFIGURATION}-output-files.xcfilelist",
			);
			runOnlyForDeploymentPostprocessing = 0;
			shellPath = /bin/sh;
			shellScript = "\"${PODS_ROOT}/Target Support Files/Pods-player/Pods-player-frameworks.sh\"\n";
			showEnvVarsInLog = 0;
		};
/* End PBXShellScriptBuildPhase section */

/* Begin PBXSourcesBuildPhase section */
		5F31DDC82BFF11B70036E21E /* Sources */ = {
			isa = PBXSourcesBuildPhase;
			buildActionMask = 2147483647;
			files = (
				5F31DDD42BFF11B70036E21E /* ViewController.swift in Sources */,
				5F31DDD02BFF11B70036E21E /* AppDelegate.swift in Sources */,
				5F31DE122BFF44B50036E21E /* WPColorAlphaView.swift in Sources */,
				5F31DDD22BFF11B70036E21E /* SceneDelegate.swift in Sources */,
				5F31DE1B2C0035120036E21E /* SubtitleLabel.swift in Sources */,
				5F31DE0E2BFF330D0036E21E /* PlayerView.swift in Sources */,
			);
			runOnlyForDeploymentPostprocessing = 0;
		};
/* End PBXSourcesBuildPhase section */

/* Begin PBXVariantGroup section */
		5F31DDD52BFF11B70036E21E /* Main.storyboard */ = {
			isa = PBXVariantGroup;
			children = (
				5F31DDD62BFF11B70036E21E /* Base */,
			);
			name = Main.storyboard;
			sourceTree = "<group>";
		};
		5F31DDDA2BFF11B80036E21E /* LaunchScreen.storyboard */ = {
			isa = PBXVariantGroup;
			children = (
				5F31DDDB2BFF11B80036E21E /* Base */,
			);
			name = LaunchScreen.storyboard;
			sourceTree = "<group>";
		};
/* End PBXVariantGroup section */

/* Begin XCBuildConfiguration section */
		5F31DDDE2BFF11B80036E21E /* Debug */ = {
			isa = XCBuildConfiguration;
			buildSettings = {
				ALWAYS_SEARCH_USER_PATHS = NO;
				ASSETCATALOG_COMPILER_GENERATE_SWIFT_ASSET_SYMBOL_EXTENSIONS = YES;
				CLANG_ANALYZER_NONNULL = YES;
				CLANG_ANALYZER_NUMBER_OBJECT_CONVERSION = YES_AGGRESSIVE;
				CLANG_CXX_LANGUAGE_STANDARD = "gnu++20";
				CLANG_ENABLE_MODULES = YES;
				CLANG_ENABLE_OBJC_ARC = YES;
				CLANG_ENABLE_OBJC_WEAK = YES;
				CLANG_WARN_BLOCK_CAPTURE_AUTORELEASING = YES;
				CLANG_WARN_BOOL_CONVERSION = YES;
				CLANG_WARN_COMMA = YES;
				CLANG_WARN_CONSTANT_CONVERSION = YES;
				CLANG_WARN_DEPRECATED_OBJC_IMPLEMENTATIONS = YES;
				CLANG_WARN_DIRECT_OBJC_ISA_USAGE = YES_ERROR;
				CLANG_WARN_DOCUMENTATION_COMMENTS = YES;
				CLANG_WARN_EMPTY_BODY = YES;
				CLANG_WARN_ENUM_CONVERSION = YES;
				CLANG_WARN_INFINITE_RECURSION = YES;
				CLANG_WARN_INT_CONVERSION = YES;
				CLANG_WARN_NON_LITERAL_NULL_CONVERSION = YES;
				CLANG_WARN_OBJC_IMPLICIT_RETAIN_SELF = YES;
				CLANG_WARN_OBJC_LITERAL_CONVERSION = YES;
				CLANG_WARN_OBJC_ROOT_CLASS = YES_ERROR;
				CLANG_WARN_QUOTED_INCLUDE_IN_FRAMEWORK_HEADER = YES;
				CLANG_WARN_RANGE_LOOP_ANALYSIS = YES;
				CLANG_WARN_STRICT_PROTOTYPES = YES;
				CLANG_WARN_SUSPICIOUS_MOVE = YES;
				CLANG_WARN_UNGUARDED_AVAILABILITY = YES_AGGRESSIVE;
				CLANG_WARN_UNREACHABLE_CODE = YES;
				CLANG_WARN__DUPLICATE_METHOD_MATCH = YES;
				COPY_PHASE_STRIP = NO;
				DEBUG_INFORMATION_FORMAT = dwarf;
				ENABLE_STRICT_OBJC_MSGSEND = YES;
				ENABLE_TESTABILITY = YES;
				ENABLE_USER_SCRIPT_SANDBOXING = YES;
				GCC_C_LANGUAGE_STANDARD = gnu17;
				GCC_DYNAMIC_NO_PIC = NO;
				GCC_NO_COMMON_BLOCKS = YES;
				GCC_OPTIMIZATION_LEVEL = 0;
				GCC_PREPROCESSOR_DEFINITIONS = (
					"DEBUG=1",
					"$(inherited)",
				);
				GCC_WARN_64_TO_32_BIT_CONVERSION = YES;
				GCC_WARN_ABOUT_RETURN_TYPE = YES_ERROR;
				GCC_WARN_UNDECLARED_SELECTOR = YES;
				GCC_WARN_UNINITIALIZED_AUTOS = YES_AGGRESSIVE;
				GCC_WARN_UNUSED_FUNCTION = YES;
				GCC_WARN_UNUSED_VARIABLE = YES;
				IPHONEOS_DEPLOYMENT_TARGET = 13.0;
				LOCALIZATION_PREFERS_STRING_CATALOGS = YES;
				MTL_ENABLE_DEBUG_INFO = INCLUDE_SOURCE;
				MTL_FAST_MATH = YES;
				ONLY_ACTIVE_ARCH = YES;
				SDKROOT = iphoneos;
				SWIFT_ACTIVE_COMPILATION_CONDITIONS = "DEBUG $(inherited)";
				SWIFT_OPTIMIZATION_LEVEL = "-Onone";
			};
			name = Debug;
		};
		5F31DDDF2BFF11B80036E21E /* Release */ = {
			isa = XCBuildConfiguration;
			buildSettings = {
				ALWAYS_SEARCH_USER_PATHS = NO;
				ASSETCATALOG_COMPILER_GENERATE_SWIFT_ASSET_SYMBOL_EXTENSIONS = YES;
				CLANG_ANALYZER_NONNULL = YES;
				CLANG_ANALYZER_NUMBER_OBJECT_CONVERSION = YES_AGGRESSIVE;
				CLANG_CXX_LANGUAGE_STANDARD = "gnu++20";
				CLANG_ENABLE_MODULES = YES;
				CLANG_ENABLE_OBJC_ARC = YES;
				CLANG_ENABLE_OBJC_WEAK = YES;
				CLANG_WARN_BLOCK_CAPTURE_AUTORELEASING = YES;
				CLANG_WARN_BOOL_CONVERSION = YES;
				CLANG_WARN_COMMA = YES;
				CLANG_WARN_CONSTANT_CONVERSION = YES;
				CLANG_WARN_DEPRECATED_OBJC_IMPLEMENTATIONS = YES;
				CLANG_WARN_DIRECT_OBJC_ISA_USAGE = YES_ERROR;
				CLANG_WARN_DOCUMENTATION_COMMENTS = YES;
				CLANG_WARN_EMPTY_BODY = YES;
				CLANG_WARN_ENUM_CONVERSION = YES;
				CLANG_WARN_INFINITE_RECURSION = YES;
				CLANG_WARN_INT_CONVERSION = YES;
				CLANG_WARN_NON_LITERAL_NULL_CONVERSION = YES;
				CLANG_WARN_OBJC_IMPLICIT_RETAIN_SELF = YES;
				CLANG_WARN_OBJC_LITERAL_CONVERSION = YES;
				CLANG_WARN_OBJC_ROOT_CLASS = YES_ERROR;
				CLANG_WARN_QUOTED_INCLUDE_IN_FRAMEWORK_HEADER = YES;
				CLANG_WARN_RANGE_LOOP_ANALYSIS = YES;
				CLANG_WARN_STRICT_PROTOTYPES = YES;
				CLANG_WARN_SUSPICIOUS_MOVE = YES;
				CLANG_WARN_UNGUARDED_AVAILABILITY = YES_AGGRESSIVE;
				CLANG_WARN_UNREACHABLE_CODE = YES;
				CLANG_WARN__DUPLICATE_METHOD_MATCH = YES;
				COPY_PHASE_STRIP = NO;
				DEBUG_INFORMATION_FORMAT = "dwarf-with-dsym";
				ENABLE_NS_ASSERTIONS = NO;
				ENABLE_STRICT_OBJC_MSGSEND = YES;
				ENABLE_USER_SCRIPT_SANDBOXING = YES;
				GCC_C_LANGUAGE_STANDARD = gnu17;
				GCC_NO_COMMON_BLOCKS = YES;
				GCC_WARN_64_TO_32_BIT_CONVERSION = YES;
				GCC_WARN_ABOUT_RETURN_TYPE = YES_ERROR;
				GCC_WARN_UNDECLARED_SELECTOR = YES;
				GCC_WARN_UNINITIALIZED_AUTOS = YES_AGGRESSIVE;
				GCC_WARN_UNUSED_FUNCTION = YES;
				GCC_WARN_UNUSED_VARIABLE = YES;
				IPHONEOS_DEPLOYMENT_TARGET = 13.0;
				LOCALIZATION_PREFERS_STRING_CATALOGS = YES;
				MTL_ENABLE_DEBUG_INFO = NO;
				MTL_FAST_MATH = YES;
				SDKROOT = iphoneos;
				SWIFT_COMPILATION_MODE = wholemodule;
				VALIDATE_PRODUCT = YES;
			};
			name = Release;
		};
		5F31DDE12BFF11B80036E21E /* Debug */ = {
			isa = XCBuildConfiguration;
			baseConfigurationReference = 34FCFF9C48407892BD6B5298 /* Pods-player.debug.xcconfig */;
			buildSettings = {
				ASSETCATALOG_COMPILER_APPICON_NAME = AppIcon;
				ASSETCATALOG_COMPILER_GLOBAL_ACCENT_COLOR_NAME = AccentColor;
				CODE_SIGN_STYLE = Automatic;
				CURRENT_PROJECT_VERSION = 1;
				DEVELOPMENT_TEAM = 3PLRG298V5;
				ENABLE_USER_SCRIPT_SANDBOXING = NO;
				FRAMEWORK_SEARCH_PATHS = (
					"$(inherited)",
					"$(PROJECT_DIR)/player",
				);
				GENERATE_INFOPLIST_FILE = YES;
				INFOPLIST_FILE = player/Info.plist;
				INFOPLIST_KEY_UIApplicationSupportsIndirectInputEvents = YES;
				INFOPLIST_KEY_UILaunchStoryboardName = LaunchScreen;
				INFOPLIST_KEY_UIMainStoryboardFile = Main;
				INFOPLIST_KEY_UISupportedInterfaceOrientations_iPad = "UIInterfaceOrientationPortrait UIInterfaceOrientationPortraitUpsideDown UIInterfaceOrientationLandscapeLeft UIInterfaceOrientationLandscapeRight";
				INFOPLIST_KEY_UISupportedInterfaceOrientations_iPhone = "UIInterfaceOrientationPortrait UIInterfaceOrientationLandscapeLeft UIInterfaceOrientationLandscapeRight";
				IPHONEOS_DEPLOYMENT_TARGET = 13.0;
				LD_RUNPATH_SEARCH_PATHS = (
					"$(inherited)",
					"@executable_path/Frameworks",
				);
				MARKETING_VERSION = 1.0;
				PRODUCT_BUNDLE_IDENTIFIER = com.2024lllmark.player;
				PRODUCT_NAME = "$(TARGET_NAME)";
				SUPPORTED_PLATFORMS = "appletvos appletvsimulator iphoneos iphonesimulator xros xrsimulator";
				SUPPORTS_MACCATALYST = NO;
				SUPPORTS_MAC_DESIGNED_FOR_IPHONE_IPAD = NO;
				SUPPORTS_XR_DESIGNED_FOR_IPHONE_IPAD = NO;
				SWIFT_EMIT_LOC_STRINGS = YES;
				SWIFT_VERSION = 5.0;
				TARGETED_DEVICE_FAMILY = "1,2,3,7";
				TVOS_DEPLOYMENT_TARGET = 12.0;
			};
			name = Debug;
		};
		5F31DDE22BFF11B80036E21E /* Release */ = {
			isa = XCBuildConfiguration;
			baseConfigurationReference = 9BBACE2FA79587CCE88EDAAA /* Pods-player.release.xcconfig */;
			buildSettings = {
				ASSETCATALOG_COMPILER_APPICON_NAME = AppIcon;
				ASSETCATALOG_COMPILER_GLOBAL_ACCENT_COLOR_NAME = AccentColor;
				CODE_SIGN_STYLE = Automatic;
				CURRENT_PROJECT_VERSION = 1;
				DEVELOPMENT_TEAM = 3PLRG298V5;
				ENABLE_USER_SCRIPT_SANDBOXING = NO;
				FRAMEWORK_SEARCH_PATHS = (
					"$(inherited)",
					"$(PROJECT_DIR)/player",
				);
				GENERATE_INFOPLIST_FILE = YES;
				INFOPLIST_FILE = player/Info.plist;
				INFOPLIST_KEY_UIApplicationSupportsIndirectInputEvents = YES;
				INFOPLIST_KEY_UILaunchStoryboardName = LaunchScreen;
				INFOPLIST_KEY_UIMainStoryboardFile = Main;
				INFOPLIST_KEY_UISupportedInterfaceOrientations_iPad = "UIInterfaceOrientationPortrait UIInterfaceOrientationPortraitUpsideDown UIInterfaceOrientationLandscapeLeft UIInterfaceOrientationLandscapeRight";
				INFOPLIST_KEY_UISupportedInterfaceOrientations_iPhone = "UIInterfaceOrientationPortrait UIInterfaceOrientationLandscapeLeft UIInterfaceOrientationLandscapeRight";
				IPHONEOS_DEPLOYMENT_TARGET = 13.0;
				LD_RUNPATH_SEARCH_PATHS = (
					"$(inherited)",
					"@executable_path/Frameworks",
				);
				MARKETING_VERSION = 1.0;
				PRODUCT_BUNDLE_IDENTIFIER = com.2024lllmark.player;
				PRODUCT_NAME = "$(TARGET_NAME)";
				SUPPORTED_PLATFORMS = "appletvos appletvsimulator iphoneos iphonesimulator xros xrsimulator";
				SUPPORTS_MACCATALYST = NO;
				SUPPORTS_MAC_DESIGNED_FOR_IPHONE_IPAD = NO;
				SUPPORTS_XR_DESIGNED_FOR_IPHONE_IPAD = NO;
				SWIFT_EMIT_LOC_STRINGS = YES;
				SWIFT_VERSION = 5.0;
				TARGETED_DEVICE_FAMILY = "1,2,3,7";
				TVOS_DEPLOYMENT_TARGET = 12.0;
			};
			name = Release;
		};
/* End XCBuildConfiguration section */

/* Begin XCConfigurationList section */
		5F31DDC72BFF11B70036E21E /* Build configuration list for PBXProject "player" */ = {
			isa = XCConfigurationList;
			buildConfigurations = (
				5F31DDDE2BFF11B80036E21E /* Debug */,
				5F31DDDF2BFF11B80036E21E /* Release */,
			);
			defaultConfigurationIsVisible = 0;
			defaultConfigurationName = Release;
		};
		5F31DDE02BFF11B80036E21E /* Build configuration list for PBXNativeTarget "player" */ = {
			isa = XCConfigurationList;
			buildConfigurations = (
				5F31DDE12BFF11B80036E21E /* Debug */,
				5F31DDE22BFF11B80036E21E /* Release */,
			);
			defaultConfigurationIsVisible = 0;
			defaultConfigurationName = Release;
		};
/* End XCConfigurationList section */
	};
	rootObject = 5F31DDC42BFF11B70036E21E /* Project object */;
}
